// !$*UTF8*$!
{
	archiveVersion = 1;
	classes = {
	};
	objectVersion = 56;
	objects = {

/* Begin PBXBuildFile section */
		/* iOS App */
		B1000001 /* iOSApp.swift in Sources */ = {isa = PBXBuildFile; fileRef = B2000001 /* iOSApp.swift */; };
		B1000002 /* IOSContentView.swift in Sources */ = {isa = PBXBuildFile; fileRef = B2000002 /* IOSContentView.swift */; };
		B1000003 /* Assets.xcassets in Resources */ = {isa = PBXBuildFile; fileRef = B2000003 /* Assets.xcassets */; };
		C2000001 /* HealthBotWatch Watch App.app in Embed Watch Content */ = {isa = PBXBuildFile; fileRef = A4000001 /* HealthBotWatch Watch App.app */; settings = {ATTRIBUTES = (RemoveHeadersOnCopy, ); }; };
		/* watchOS Extension */
		A1000001 /* HealthBotWatchApp.swift in Sources */ = {isa = PBXBuildFile; fileRef = A2000001 /* HealthBotWatchApp.swift */; };
		A1000002 /* ContentView.swift in Sources */ = {isa = PBXBuildFile; fileRef = A2000002 /* ContentView.swift */; };
		A1000003 /* HealthViewModel.swift in Sources */ = {isa = PBXBuildFile; fileRef = A2000003 /* HealthViewModel.swift */; };
		A1000004 /* HealthManager.swift in Sources */ = {isa = PBXBuildFile; fileRef = A2000004 /* HealthManager.swift */; };
		A1000005 /* HealthData.swift in Sources */ = {isa = PBXBuildFile; fileRef = A2000005 /* HealthData.swift */; };
		A1000006 /* APIClient.swift in Sources */ = {isa = PBXBuildFile; fileRef = A2000006 /* APIClient.swift */; };
/* End PBXBuildFile section */

/* Begin PBXFileReference section */
		/* iOS */
		B2000001 /* iOSApp.swift */ = {isa = PBXFileReference; lastKnownFileType = sourcecode.swift; path = iOSApp.swift; sourceTree = "<group>"; };
		B2000002 /* IOSContentView.swift */ = {isa = PBXFileReference; lastKnownFileType = sourcecode.swift; path = IOSContentView.swift; sourceTree = "<group>"; };
		B2000003 /* Assets.xcassets */ = {isa = PBXFileReference; lastKnownFileType = folder.assetcatalog; path = "Assets.xcassets"; sourceTree = "<group>"; };
		B3000001 /* iOS Info.plist */ = {isa = PBXFileReference; lastKnownFileType = text.plist.xml; name = Info.plist; path = "HealthBotWatch iOS App/Info.plist"; sourceTree = "<group>"; };
		B4000001 /* HealthBotWatch.app */ = {isa = PBXFileReference; explicitFileType = wrapper.application; includeInIndex = 0; path = HealthBotWatch.app; sourceTree = BUILT_PRODUCTS_DIR; };
		/* watchOS */
		A2000001 /* HealthBotWatchApp.swift */ = {isa = PBXFileReference; lastKnownFileType = sourcecode.swift; path = HealthBotWatchApp.swift; sourceTree = "<group>"; };
		A2000002 /* ContentView.swift */ = {isa = PBXFileReference; lastKnownFileType = sourcecode.swift; path = ContentView.swift; sourceTree = "<group>"; };
		A2000003 /* HealthViewModel.swift */ = {isa = PBXFileReference; lastKnownFileType = sourcecode.swift; path = HealthViewModel.swift; sourceTree = "<group>"; };
		A2000004 /* HealthManager.swift */ = {isa = PBXFileReference; lastKnownFileType = sourcecode.swift; path = HealthManager.swift; sourceTree = "<group>"; };
		A2000005 /* HealthData.swift */ = {isa = PBXFileReference; lastKnownFileType = sourcecode.swift; path = HealthData.swift; sourceTree = "<group>"; };
		A2000006 /* APIClient.swift */ = {isa = PBXFileReference; lastKnownFileType = sourcecode.swift; path = APIClient.swift; sourceTree = "<group>"; };
		A3000001 /* Watch Info.plist */ = {isa = PBXFileReference; lastKnownFileType = text.plist.xml; name = Info.plist; path = "HealthBotWatch WatchKit Extension/Info.plist"; sourceTree = "<group>"; };
		A4000001 /* HealthBotWatch Watch App.app */ = {isa = PBXFileReference; explicitFileType = wrapper.application; includeInIndex = 0; path = "HealthBotWatch Watch App.app"; sourceTree = BUILT_PRODUCTS_DIR; };
/* End PBXFileReference section */

/* Begin PBXGroup section */
		ROOT = {
			isa = PBXGroup;
			children = (
				B5000001 /* HealthBotWatch iOS App */,
				A5000002 /* HealthBotWatch WatchKit Extension */,
				A5000003 /* Products */,
			);
			sourceTree = "<group>";
		};
		B5000001 /* HealthBotWatch iOS App */ = {
			isa = PBXGroup;
			children = (
				B2000001 /* iOSApp.swift */,
				B2000002 /* IOSContentView.swift */,
				B2000003 /* Assets.xcassets */,
				B3000001 /* iOS Info.plist */,
			);
			path = "HealthBotWatch iOS App";
			sourceTree = "<group>";
		};
		A5000002 /* HealthBotWatch WatchKit Extension */ = {
			isa = PBXGroup;
			children = (
				A2000001 /* HealthBotWatchApp.swift */,
				A2000002 /* ContentView.swift */,
				A2000003 /* HealthViewModel.swift */,
				A2000004 /* HealthManager.swift */,
				A2000005 /* HealthData.swift */,
				A2000006 /* APIClient.swift */,
				A3000001 /* Watch Info.plist */,
			);
			path = "HealthBotWatch WatchKit Extension";
			sourceTree = "<group>";
		};
		A5000003 /* Products */ = {
			isa = PBXGroup;
			children = (
				B4000001 /* HealthBotWatch.app */,
				A4000001 /* HealthBotWatch Watch App.app */,
			);
			name = Products;
			sourceTree = "<group>";
		};
/* End PBXGroup section */

/* Begin PBXNativeTarget section */
/* Begin PBXCopyFilesBuildPhase section */
		C3000001 /* Embed Watch Content */ = {
			isa = PBXCopyFilesBuildPhase;
			buildActionMask = 2147483647;
			dstPath = "$(CONTENTS_FOLDER_PATH)/Watch";
			dstSubfolderSpec = 16;
			files = (
				C2000001 /* HealthBotWatch Watch App.app in Embed Watch Content */,
			);
			name = "Embed Watch Content";
			runOnlyForDeploymentPostprocessing = 0;
		};
/* End PBXCopyFilesBuildPhase section */

		/* iOS Target */
		B6000001 /* HealthBotWatch */ = {
			isa = PBXNativeTarget;
			buildConfigurationList = B7000001;
			buildPhases = (
				B8000001 /* Sources */,
				B8000002 /* Resources */,
				C3000001 /* Embed Watch Content */,
			);
			buildRules = ();
			dependencies = (
				C1000001 /* watchOS dependency */,
			);
			name = HealthBotWatch;
			productName = HealthBotWatch;
			productReference = B4000001;
			productType = "com.apple.product-type.application";
		};
		/* watchOS Target */
		A6000001 /* HealthBotWatch Watch App */ = {
			isa = PBXNativeTarget;
			buildConfigurationList = A7000001;
			buildPhases = (
				A8000001 /* Sources */,
			);
			buildRules = ();
			dependencies = ();
			name = "HealthBotWatch Watch App";
			productName = "HealthBotWatch Watch App";
			productReference = A4000001;
			productType = "com.apple.product-type.application";
		};
/* End PBXNativeTarget section */

/* Begin PBXTargetDependency section */
		C1000001 = {
			isa = PBXTargetDependency;
			target = A6000001;
			targetProxy = C1000002;
		};
		C1000002 = {
			isa = PBXContainerItemProxy;
			containerPortal = A9000001;
			proxyType = 1;
			remoteGlobalIDString = A6000001;
			remoteInfo = "HealthBotWatch Watch App";
		};
/* End PBXTargetDependency section */

/* Begin PBXProject section */
		A9000001 /* Project object */ = {
			isa = PBXProject;
			attributes = {
				LastSwiftUpdateCheck = 1500;
				LastUpgradeCheck = 1500;
				ORGANIZATIONNAME = technoetic;
				TargetAttributes = {
					B6000001 = { CreatedOnToolsVersion = 15.0; };
					A6000001 = { CreatedOnToolsVersion = 15.0; };
				};
			};
			buildConfigurationList = A7000002;
			compatibilityVersion = "Xcode 14.0";
			developmentRegion = ko;
			hasScannedForEncodings = 0;
			knownRegions = (ko, Base);
			mainGroup = ROOT;
			productRefGroup = A5000003;
			projectDirPath = "";
			projectRoot = "";
			targets = (
				B6000001 /* HealthBotWatch (iOS) */,
				A6000001 /* HealthBotWatch Watch App */,
			);
		};
/* End PBXProject section */

/* Begin PBXResourcesBuildPhase section */
		B8000002 /* iOS Resources */ = {
			isa = PBXResourcesBuildPhase;
			buildActionMask = 2147483647;
			files = (
				B1000003 /* Assets.xcassets in Resources */,
			);
			runOnlyForDeploymentPostprocessing = 0;
		};
/* End PBXResourcesBuildPhase section */

/* Begin PBXSourcesBuildPhase section */
		B8000001 /* iOS Sources */ = {
			isa = PBXSourcesBuildPhase;
			buildActionMask = 2147483647;
			files = (
				B1000001 /* iOSApp.swift in Sources */,
				B1000002 /* IOSContentView.swift in Sources */,
			);
			runOnlyForDeploymentPostprocessing = 0;
		};
		A8000001 /* watchOS Sources */ = {
			isa = PBXSourcesBuildPhase;
			buildActionMask = 2147483647;
			files = (
				A1000001 /* HealthBotWatchApp.swift in Sources */,
				A1000002 /* ContentView.swift in Sources */,
				A1000003 /* HealthViewModel.swift in Sources */,
				A1000004 /* HealthManager.swift in Sources */,
				A1000005 /* HealthData.swift in Sources */,
				A1000006 /* APIClient.swift in Sources */,
			);
			runOnlyForDeploymentPostprocessing = 0;
		};
/* End PBXSourcesBuildPhase section */

/* Begin XCBuildConfiguration section */
		/* iOS Debug */
		B7000003 = {
			isa = XCBuildConfiguration;
			buildSettings = {
				ASSETCATALOG_COMPILER_APPICON_NAME = AppIcon;
				CODE_SIGN_IDENTITY = "iPhone Distribution";
				CODE_SIGN_STYLE = Manual;
				CURRENT_PROJECT_VERSION = 1;
				DEVELOPMENT_TEAM = X638Y8296Z;
				GENERATE_INFOPLIST_FILE = NO;
				INFOPLIST_FILE = "HealthBotWatch iOS App/Info.plist";
				IPHONEOS_DEPLOYMENT_TARGET = 17.0;
				MARKETING_VERSION = 1.0;
				PRODUCT_BUNDLE_IDENTIFIER = "com.technoetic.HealthBotWatch";
				PRODUCT_NAME = "$(TARGET_NAME)";
				PROVISIONING_PROFILE_SPECIFIER = "ba89b494-bf79-4d03-823c-c18797ae6c65";
				SDKROOT = iphoneos;
				SWIFT_VERSION = 5.0;
				TARGETED_DEVICE_FAMILY = 1;
			};
			name = Debug;
		};
		/* iOS Release */
		B7000004 = {
			isa = XCBuildConfiguration;
			buildSettings = {
				ASSETCATALOG_COMPILER_APPICON_NAME = AppIcon;
				CODE_SIGN_IDENTITY = "iPhone Distribution";
				CODE_SIGN_STYLE = Manual;
				CURRENT_PROJECT_VERSION = 1;
				DEVELOPMENT_TEAM = X638Y8296Z;
				GENERATE_INFOPLIST_FILE = NO;
				INFOPLIST_FILE = "HealthBotWatch iOS App/Info.plist";
				IPHONEOS_DEPLOYMENT_TARGET = 17.0;
				MARKETING_VERSION = 1.0;
				PRODUCT_BUNDLE_IDENTIFIER = "com.technoetic.HealthBotWatch";
				PRODUCT_NAME = "$(TARGET_NAME)";
				PROVISIONING_PROFILE_SPECIFIER = "ba89b494-bf79-4d03-823c-c18797ae6c65";
				SDKROOT = iphoneos;
				SWIFT_VERSION = 5.0;
				TARGETED_DEVICE_FAMILY = 1;
			};
			name = Release;
		};
		/* watchOS Debug */
		A7000003 = {
			isa = XCBuildConfiguration;
			buildSettings = {
				CODE_SIGN_IDENTITY = "iPhone Distribution";
				CODE_SIGN_STYLE = Manual;
				CURRENT_PROJECT_VERSION = 1;
				DEVELOPMENT_TEAM = X638Y8296Z;
				GENERATE_INFOPLIST_FILE = NO;
				INFOPLIST_FILE = "HealthBotWatch WatchKit Extension/Info.plist";
				MARKETING_VERSION = 1.0;
				PRODUCT_BUNDLE_IDENTIFIER = "com.technoetic.HealthBotWatch.watchkitapp";
				PRODUCT_NAME = "$(TARGET_NAME)";
				PROVISIONING_PROFILE_SPECIFIER = "1d1e7d90-0e4f-42e6-b4a8-07a6cfd49de8";
				SDKROOT = watchos;
				SKIP_INSTALL = YES;
				SWIFT_VERSION = 5.0;
				TARGETED_DEVICE_FAMILY = 4;
				WATCHOS_DEPLOYMENT_TARGET = 10.0;
			};
			name = Debug;
		};
		/* watchOS Release */
		A7000004 = {
			isa = XCBuildConfiguration;
			buildSettings = {
				CODE_SIGN_IDENTITY = "iPhone Distribution";
				CODE_SIGN_STYLE = Manual;
				CURRENT_PROJECT_VERSION = 1;
				DEVELOPMENT_TEAM = X638Y8296Z;
				GENERATE_INFOPLIST_FILE = NO;
				INFOPLIST_FILE = "HealthBotWatch WatchKit Extension/Info.plist";
				MARKETING_VERSION = 1.0;
				PRODUCT_BUNDLE_IDENTIFIER = "com.technoetic.HealthBotWatch.watchkitapp";
				PRODUCT_NAME = "$(TARGET_NAME)";
				PROVISIONING_PROFILE_SPECIFIER = "1d1e7d90-0e4f-42e6-b4a8-07a6cfd49de8";
				SDKROOT = watchos;
				SKIP_INSTALL = YES;
				SWIFT_VERSION = 5.0;
				TARGETED_DEVICE_FAMILY = 4;
				WATCHOS_DEPLOYMENT_TARGET = 10.0;
			};
			name = Release;
		};
		/* Project Debug */
		A7000005 = { isa = XCBuildConfiguration; buildSettings = {}; name = Debug; };
		/* Project Release */
		A7000006 = { isa = XCBuildConfiguration; buildSettings = {}; name = Release; };
/* End XCBuildConfiguration section */

/* Begin XCConfigurationList section */
		B7000001 = {
			isa = XCConfigurationList;
			buildConfigurations = (B7000003, B7000004);
			defaultConfigurationIsVisible = 0;
			defaultConfigurationName = Release;
		};
		A7000001 = {
			isa = XCConfigurationList;
			buildConfigurations = (A7000003, A7000004);
			defaultConfigurationIsVisible = 0;
			defaultConfigurationName = Release;
		};
		A7000002 = {
			isa = XCConfigurationList;
			buildConfigurations = (A7000005, A7000006);
			defaultConfigurationIsVisible = 0;
			defaultConfigurationName = Release;
		};
/* End XCConfigurationList section */

	};
	rootObject = A9000001;
}
