// !$*UTF8*$!
{
	archiveVersion = 1;
	classes = {
	};
	objectVersion = 56;
	objects = {

/* Begin PBXBuildFile section */
		B1000001 /* iOSApp.swift in Sources */ = {isa = PBXBuildFile; fileRef = B2000001 /* iOSApp.swift */; };
		B1000002 /* IOSContentView.swift in Sources */ = {isa = PBXBuildFile; fileRef = B2000002 /* IOSContentView.swift */; };
		B1000004 /* iOSHealthManager.swift in Sources */ = {isa = PBXBuildFile; fileRef = B2000004 /* iOSHealthManager.swift */; };
		B1000003 /* Assets.xcassets in Resources */ = {isa = PBXBuildFile; fileRef = B2000003 /* Assets.xcassets */; };
/* End PBXBuildFile section */

/* Begin PBXFileReference section */
		B2000001 /* iOSApp.swift */ = {isa = PBXFileReference; lastKnownFileType = sourcecode.swift; path = iOSApp.swift; sourceTree = "<group>"; };
		B2000002 /* IOSContentView.swift */ = {isa = PBXFileReference; lastKnownFileType = sourcecode.swift; path = IOSContentView.swift; sourceTree = "<group>"; };
		B2000004 /* iOSHealthManager.swift */ = {isa = PBXFileReference; lastKnownFileType = sourcecode.swift; path = iOSHealthManager.swift; sourceTree = "<group>"; };
		B2000003 /* Assets.xcassets */ = {isa = PBXFileReference; lastKnownFileType = folder.assetcatalog; path = "Assets.xcassets"; sourceTree = "<group>"; };
		B3000001 /* iOS Info.plist */ = {isa = PBXFileReference; lastKnownFileType = text.plist.xml; name = Info.plist; path = "HealthBotWatch iOS App/Info.plist"; sourceTree = "<group>"; };
		B4000001 /* HealthBotWatch.app */ = {isa = PBXFileReference; explicitFileType = wrapper.application; includeInIndex = 0; path = HealthBotWatch.app; sourceTree = BUILT_PRODUCTS_DIR; };
/* End PBXFileReference section */

/* Begin PBXGroup section */
		ROOT = {
			isa = PBXGroup;
			children = (
				B5000001 /* HealthBotWatch iOS App */,
				A5000003 /* Products */,
			);
			sourceTree = "<group>";
		};
		B5000001 /* HealthBotWatch iOS App */ = {
			isa = PBXGroup;
			children = (
				B2000001 /* iOSApp.swift */,
				B2000002 /* IOSContentView.swift */,
				B2000004 /* iOSHealthManager.swift */,
				B2000003 /* Assets.xcassets */,
				B3000001 /* iOS Info.plist */,
			);
			path = "HealthBotWatch iOS App";
			sourceTree = "<group>";
		};
		A5000003 /* Products */ = {
			isa = PBXGroup;
			children = (
				B4000001 /* HealthBotWatch.app */,
			);
			name = Products;
			sourceTree = "<group>";
		};
/* End PBXGroup section */

/* Begin PBXNativeTarget section */
		B6000001 /* HealthBotWatch */ = {
			isa = PBXNativeTarget;
			buildConfigurationList = B7000001;
			buildPhases = (
				B8000001 /* Sources */,
				B8000002 /* Resources */,
			);
			buildRules = ();
			dependencies = ();
			name = HealthBotWatch;
			productName = HealthBotWatch;
			productReference = B4000001;
			productType = "com.apple.product-type.application";
		};
/* End PBXNativeTarget section */

/* Begin PBXProject section */
		A9000001 /* Project object */ = {
			isa = PBXProject;
			attributes = {
				LastSwiftUpdateCheck = 1500;
				LastUpgradeCheck = 1500;
				ORGANIZATIONNAME = technoetic;
				TargetAttributes = {
					B6000001 = { CreatedOnToolsVersion = 15.0; };
				};
			};
			buildConfigurationList = A7000002;
			compatibilityVersion = "Xcode 14.0";
			developmentRegion = ko;
			hasScannedForEncodings = 0;
			knownRegions = (ko, Base);
			mainGroup = ROOT;
			productRefGroup = A5000003;
			projectDirPath = "";
			projectRoot = "";
			targets = (
				B6000001 /* HealthBotWatch (iOS) */,
			);
		};
/* End PBXProject section */

/* Begin PBXResourcesBuildPhase section */
		B8000002 /* iOS Resources */ = {
			isa = PBXResourcesBuildPhase;
			buildActionMask = 2147483647;
			files = (
				B1000003 /* Assets.xcassets in Resources */,
			);
			runOnlyForDeploymentPostprocessing = 0;
		};
/* End PBXResourcesBuildPhase section */

/* Begin PBXSourcesBuildPhase section */
		B8000001 /* iOS Sources */ = {
			isa = PBXSourcesBuildPhase;
			buildActionMask = 2147483647;
			files = (
				B1000001 /* iOSApp.swift in Sources */,
				B1000002 /* IOSContentView.swift in Sources */,
				B1000004 /* iOSHealthManager.swift in Sources */,
			);
			runOnlyForDeploymentPostprocessing = 0;
		};
/* End PBXSourcesBuildPhase section */

/* Begin XCBuildConfiguration section */
		/* iOS Debug */
		B7000003 = {
			isa = XCBuildConfiguration;
			buildSettings = {
				ASSETCATALOG_COMPILER_APPICON_NAME = AppIcon;
				CODE_SIGN_IDENTITY = "iPhone Distribution";
				CODE_SIGN_STYLE = Manual;
				CURRENT_PROJECT_VERSION = 10;
				DEVELOPMENT_TEAM = X638Y8296Z;
				GENERATE_INFOPLIST_FILE = NO;
				CODE_SIGN_ENTITLEMENTS = "HealthBotWatch iOS App/HealthBotWatch.entitlements";
				INFOPLIST_FILE = "HealthBotWatch iOS App/Info.plist";
				IPHONEOS_DEPLOYMENT_TARGET = 26.0;
				MARKETING_VERSION = 1.0;
				PRODUCT_BUNDLE_IDENTIFIER = "com.technoetic.HealthBotWatch.ios";
				PRODUCT_NAME = "$(TARGET_NAME)";
				PROVISIONING_PROFILE_SPECIFIER = "";
				SDKROOT = iphoneos;
				SWIFT_VERSION = 5.0;
				TARGETED_DEVICE_FAMILY = 1;
			};
			name = Debug;
		};
		/* iOS Release */
		B7000004 = {
			isa = XCBuildConfiguration;
			buildSettings = {
				ASSETCATALOG_COMPILER_APPICON_NAME = AppIcon;
				CODE_SIGN_IDENTITY = "iPhone Distribution";
				CODE_SIGN_STYLE = Manual;
				CURRENT_PROJECT_VERSION = 10;
				DEVELOPMENT_TEAM = X638Y8296Z;
				GENERATE_INFOPLIST_FILE = NO;
				CODE_SIGN_ENTITLEMENTS = "HealthBotWatch iOS App/HealthBotWatch.entitlements";
				INFOPLIST_FILE = "HealthBotWatch iOS App/Info.plist";
				IPHONEOS_DEPLOYMENT_TARGET = 26.0;
				MARKETING_VERSION = 1.0;
				PRODUCT_BUNDLE_IDENTIFIER = "com.technoetic.HealthBotWatch.ios";
				PRODUCT_NAME = "$(TARGET_NAME)";
				PROVISIONING_PROFILE_SPECIFIER = "";
				SDKROOT = iphoneos;
				SWIFT_VERSION = 5.0;
				TARGETED_DEVICE_FAMILY = 1;
			};
			name = Release;
		};
		/* Project Debug */
		A7000005 = { isa = XCBuildConfiguration; buildSettings = {}; name = Debug; };
		/* Project Release */
		A7000006 = { isa = XCBuildConfiguration; buildSettings = {}; name = Release; };
/* End XCBuildConfiguration section */

/* Begin XCConfigurationList section */
		B7000001 = {
			isa = XCConfigurationList;
			buildConfigurations = (B7000003, B7000004);
			defaultConfigurationIsVisible = 0;
			defaultConfigurationName = Release;
		};
		A7000002 = {
			isa = XCConfigurationList;
			buildConfigurations = (A7000005, A7000006);
			defaultConfigurationIsVisible = 0;
			defaultConfigurationName = Release;
		};
/* End XCConfigurationList section */

	};
	rootObject = A9000001;
}
